{
  "requires": true,
  "lockfileVersion": 1,
  "dependencies": {
    "prettier": {
      "version": "2.0.5",
      "resolved": "https://registry.npmjs.org/prettier/-/prettier-2.0.5.tgz",
      "integrity": "sha512-7PtVymN48hGcO4fGjybyBSIWDsLU4H4XlvOHfq91pz9kkGlonzwTfYkaIEwiRg/dAJF9YlbsduBAgtYLi+8cFg==",
      "dev": true
    },
    "prettier-plugin-go-template": {
      "version": "0.0.6",
      "resolved": "https://registry.npmjs.org/prettier-plugin-go-template/-/prettier-plugin-go-template-0.0.6.tgz",
      "integrity": "sha512-dzaPlrIbKxc/+R7oYLHHB/p0szfI6XHBf9EW90UmmOYrQHIQvOpq22DQytNOv6rAhNNkfVyWuPbmp/IXRAEvBw=="
    }
  }
}
